{
  "version": "5",
  "specifiers": {
    "jsr:@std/fmt@*": "1.0.9",
    "jsr:@std/fmt@^1.0.9": "1.0.9"
  },
  "jsr": {
    "@std/fmt@1.0.9": {
      "integrity": "2487343e8899fb2be5d0e3d35013e54477ada198854e52dd05ed0422eddcabe0"
    }
  },
  "workspace": {
    "dependencies": [
      "jsr:@std/fmt@^1.0.9"
    ]
  }
}
